// !$*UTF8*$!
{
	archiveVersion = 1;
	classes = {
	};
	objectVersion = 48;
	objects = {

/* Begin PBXBuildFile section */
		786A91141FE4FD0F00146912 /* AppDelegate.swift in Sources */ = {isa = PBXBuildFile; fileRef = 786A91131FE4FD0F00146912 /* AppDelegate.swift */; };
		786A91161FE4FD0F00146912 /* ViewController.swift in Sources */ = {isa = PBXBuildFile; fileRef = 786A91151FE4FD0F00146912 /* ViewController.swift */; };
		786A91191FE4FD0F00146912 /* Main.storyboard in Resources */ = {isa = PBXBuildFile; fileRef = 786A91171FE4FD0F00146912 /* Main.storyboard */; };
		786A911B1FE4FD0F00146912 /* Assets.xcassets in Resources */ = {isa = PBXBuildFile; fileRef = 786A911A1FE4FD0F00146912 /* Assets.xcassets */; };
		786A911E1FE4FD0F00146912 /* LaunchScreen.storyboard in Resources */ = {isa = PBXBuildFile; fileRef = 786A911C1FE4FD0F00146912 /* LaunchScreen.storyboard */; };
		786A91261FE501E500146912 /* MoveTransion.swift in Sources */ = {isa = PBXBuildFile; fileRef = 786A91251FE501E500146912 /* MoveTransion.swift */; };
		78EB38851FE504340064173F /* AViewController.swift in Sources */ = {isa = PBXBuildFile; fileRef = 78EB38841FE504340064173F /* AViewController.swift */; };
		78EB38871FE5065D0064173F /* MCollectionViewCell.swift in Sources */ = {isa = PBXBuildFile; fileRef = 78EB38861FE5065D0064173F /* MCollectionViewCell.swift */; };
		78EB38891FE522A30064173F /* PopTransion.swift in Sources */ = {isa = PBXBuildFile; fileRef = 78EB38881FE522A30064173F /* PopTransion.swift */; };
/* End PBXBuildFile section */

/* Begin PBXFileReference section */
		786A91101FE4FD0F00146912 /* zhangChang.app */ = {isa = PBXFileReference; explicitFileType = wrapper.application; includeInIndex = 0; path = zhangChang.app; sourceTree = BUILT_PRODUCTS_DIR; };
		786A91131FE4FD0F00146912 /* AppDelegate.swift */ = {isa = PBXFileReference; lastKnownFileType = sourcecode.swift; path = AppDelegate.swift; sourceTree = "<group>"; };
		786A91151FE4FD0F00146912 /* ViewController.swift */ = {isa = PBXFileReference; lastKnownFileType = sourcecode.swift; path = ViewController.swift; sourceTree = "<group>"; };
		786A91181FE4FD0F00146912 /* Base */ = {isa = PBXFileReference; lastKnownFileType = file.storyboard; name = Base; path = Base.lproj/Main.storyboard; sourceTree = "<group>"; };
		786A911A1FE4FD0F00146912 /* Assets.xcassets */ = {isa = PBXFileReference; lastKnownFileType = folder.assetcatalog; path = Assets.xcassets; sourceTree = "<group>"; };
		786A911D1FE4FD0F00146912 /* Base */ = {isa = PBXFileReference; lastKnownFileType = file.storyboard; name = Base; path = Base.lproj/LaunchScreen.storyboard; sourceTree = "<group>"; };
		786A911F1FE4FD0F00146912 /* Info.plist */ = {isa = PBXFileReference; lastKnownFileType = text.plist.xml; path = Info.plist; sourceTree = "<group>"; };
		786A91251FE501E500146912 /* MoveTransion.swift */ = {isa = PBXFileReference; lastKnownFileType = sourcecode.swift; path = MoveTransion.swift; sourceTree = "<group>"; };
		78EB38841FE504340064173F /* AViewController.swift */ = {isa = PBXFileReference; lastKnownFileType = sourcecode.swift; path = AViewController.swift; sourceTree = "<group>"; };
		78EB38861FE5065D0064173F /* MCollectionViewCell.swift */ = {isa = PBXFileReference; lastKnownFileType = sourcecode.swift; path = MCollectionViewCell.swift; sourceTree = "<group>"; };
		78EB38881FE522A30064173F /* PopTransion.swift */ = {isa = PBXFileReference; lastKnownFileType = sourcecode.swift; path = PopTransion.swift; sourceTree = "<group>"; };
/* End PBXFileReference section */

/* Begin PBXFrameworksBuildPhase section */
		786A910D1FE4FD0F00146912 /* Frameworks */ = {
			isa = PBXFrameworksBuildPhase;
			buildActionMask = 2147483647;
			files = (
			);
			runOnlyForDeploymentPostprocessing = 0;
		};
/* End PBXFrameworksBuildPhase section */

/* Begin PBXGroup section */
		786A91071FE4FD0F00146912 = {
			isa = PBXGroup;
			children = (
				786A91121FE4FD0F00146912 /* zhangChang */,
				786A91111FE4FD0F00146912 /* Products */,
			);
			sourceTree = "<group>";
		};
		786A91111FE4FD0F00146912 /* Products */ = {
			isa = PBXGroup;
			children = (
				786A91101FE4FD0F00146912 /* zhangChang.app */,
			);
			name = Products;
			sourceTree = "<group>";
		};
		786A91121FE4FD0F00146912 /* zhangChang */ = {
			isa = PBXGroup;
			children = (
				786A91131FE4FD0F00146912 /* AppDelegate.swift */,
				786A91151FE4FD0F00146912 /* ViewController.swift */,
				78EB38841FE504340064173F /* AViewController.swift */,
				78EB38861FE5065D0064173F /* MCollectionViewCell.swift */,
				786A91251FE501E500146912 /* MoveTransion.swift */,
				78EB38881FE522A30064173F /* PopTransion.swift */,
				786A91171FE4FD0F00146912 /* Main.storyboard */,
				786A911A1FE4FD0F00146912 /* Assets.xcassets */,
				786A911C1FE4FD0F00146912 /* LaunchScreen.storyboard */,
				786A911F1FE4FD0F00146912 /* Info.plist */,
			);
			path = zhangChang;
			sourceTree = "<group>";
		};
/* End PBXGroup section */

/* Begin PBXNativeTarget section */
		786A910F1FE4FD0F00146912 /* zhangChang */ = {
			isa = PBXNativeTarget;
			buildConfigurationList = 786A91221FE4FD0F00146912 /* Build configuration list for PBXNativeTarget "zhangChang" */;
			buildPhases = (
				786A910C1FE4FD0F00146912 /* Sources */,
				786A910D1FE4FD0F00146912 /* Frameworks */,
				786A910E1FE4FD0F00146912 /* Resources */,
			);
			buildRules = (
			);
			dependencies = (
			);
			name = zhangChang;
			productName = zhangChang;
			productReference = 786A91101FE4FD0F00146912 /* zhangChang.app */;
			productType = "com.apple.product-type.application";
		};
/* End PBXNativeTarget section */

/* Begin PBXProject section */
		786A91081FE4FD0F00146912 /* Project object */ = {
			isa = PBXProject;
			attributes = {
				LastSwiftUpdateCheck = 0900;
				LastUpgradeCheck = 0900;
				ORGANIZATIONNAME = idea;
				TargetAttributes = {
					786A910F1FE4FD0F00146912 = {
						CreatedOnToolsVersion = 9.0.1;
						ProvisioningStyle = Automatic;
					};
				};
			};
			buildConfigurationList = 786A910B1FE4FD0F00146912 /* Build configuration list for PBXProject "zhangChang" */;
			compatibilityVersion = "Xcode 8.0";
			developmentRegion = en;
			hasScannedForEncodings = 0;
			knownRegions = (
				en,
				Base,
			);
			mainGroup = 786A91071FE4FD0F00146912;
			productRefGroup = 786A91111FE4FD0F00146912 /* Products */;
			projectDirPath = "";
			projectRoot = "";
			targets = (
				786A910F1FE4FD0F00146912 /* zhangChang */,
			);
		};
/* End PBXProject section */

/* Begin PBXResourcesBuildPhase section */
		786A910E1FE4FD0F00146912 /* Resources */ = {
			isa = PBXResourcesBuildPhase;
			buildActionMask = 2147483647;
			files = (
				786A911E1FE4FD0F00146912 /* LaunchScreen.storyboard in Resources */,
				786A911B1FE4FD0F00146912 /* Assets.xcassets in Resources */,
				786A91191FE4FD0F00146912 /* Main.storyboard in Resources */,
			);
			runOnlyForDeploymentPostprocessing = 0;
		};
/* End PBXResourcesBuildPhase section */

/* Begin PBXSourcesBuildPhase section */
		786A910C1FE4FD0F00146912 /* Sources */ = {
			isa = PBXSourcesBuildPhase;
			buildActionMask = 2147483647;
			files = (
				78EB38851FE504340064173F /* AViewController.swift in Sources */,
				786A91261FE501E500146912 /* MoveTransion.swift in Sources */,
				78EB38871FE5065D0064173F /* MCollectionViewCell.swift in Sources */,
				786A91161FE4FD0F00146912 /* ViewController.swift in Sources */,
				786A91141FE4FD0F00146912 /* AppDelegate.swift in Sources */,
				78EB38891FE522A30064173F /* PopTransion.swift in Sources */,
			);
			runOnlyForDeploymentPostprocessing = 0;
		};
/* End PBXSourcesBuildPhase section */

/* Begin PBXVariantGroup section */
		786A91171FE4FD0F00146912 /* Main.storyboard */ = {
			isa = PBXVariantGroup;
			children = (
				786A91181FE4FD0F00146912 /* Base */,
			);
			name = Main.storyboard;
			sourceTree = "<group>";
		};
		786A911C1FE4FD0F00146912 /* LaunchScreen.storyboard */ = {
			isa = PBXVariantGroup;
			children = (
				786A911D1FE4FD0F00146912 /* Base */,
			);
			name = LaunchScreen.storyboard;
			sourceTree = "<group>";
		};
/* End PBXVariantGroup section */

/* Begin XCBuildConfiguration section */
		786A91201FE4FD0F00146912 /* Debug */ = {
			isa = XCBuildConfiguration;
			buildSettings = {
				ALWAYS_SEARCH_USER_PATHS = NO;
				CLANG_ANALYZER_NONNULL = YES;
				CLANG_ANALYZER_NUMBER_OBJECT_CONVERSION = YES_AGGRESSIVE;
				CLANG_CXX_LANGUAGE_STANDARD = "gnu++14";
				CLANG_CXX_LIBRARY = "libc++";
				CLANG_ENABLE_MODULES = YES;
				CLANG_ENABLE_OBJC_ARC = YES;
				CLANG_WARN_BLOCK_CAPTURE_AUTORELEASING = YES;
				CLANG_WARN_BOOL_CONVERSION = YES;
				CLANG_WARN_COMMA = YES;
				CLANG_WARN_CONSTANT_CONVERSION = YES;
				CLANG_WARN_DIRECT_OBJC_ISA_USAGE = YES_ERROR;
				CLANG_WARN_DOCUMENTATION_COMMENTS = YES;
				CLANG_WARN_EMPTY_BODY = YES;
				CLANG_WARN_ENUM_CONVERSION = YES;
				CLANG_WARN_INFINITE_RECURSION = YES;
				CLANG_WARN_INT_CONVERSION = YES;
				CLANG_WARN_NON_LITERAL_NULL_CONVERSION = YES;
				CLANG_WARN_OBJC_LITERAL_CONVERSION = YES;
				CLANG_WARN_OBJC_ROOT_CLASS = YES_ERROR;
				CLANG_WARN_RANGE_LOOP_ANALYSIS = YES;
				CLANG_WARN_STRICT_PROTOTYPES = YES;
				CLANG_WARN_SUSPICIOUS_MOVE = YES;
				CLANG_WARN_UNGUARDED_AVAILABILITY = YES_AGGRESSIVE;
				CLANG_WARN_UNREACHABLE_CODE = YES;
				CLANG_WARN__DUPLICATE_METHOD_MATCH = YES;
				CODE_SIGN_IDENTITY = "iPhone Developer";
				COPY_PHASE_STRIP = NO;
				DEBUG_INFORMATION_FORMAT = dwarf;
				ENABLE_STRICT_OBJC_MSGSEND = YES;
				ENABLE_TESTABILITY = YES;
				GCC_C_LANGUAGE_STANDARD = gnu11;
				GCC_DYNAMIC_NO_PIC = NO;
				GCC_NO_COMMON_BLOCKS = YES;
				GCC_OPTIMIZATION_LEVEL = 0;
				GCC_PREPROCESSOR_DEFINITIONS = (
					"DEBUG=1",
					"$(inherited)",
				);
				GCC_WARN_64_TO_32_BIT_CONVERSION = YES;
				GCC_WARN_ABOUT_RETURN_TYPE = YES_ERROR;
				GCC_WARN_UNDECLARED_SELECTOR = YES;
				GCC_WARN_UNINITIALIZED_AUTOS = YES_AGGRESSIVE;
				GCC_WARN_UNUSED_FUNCTION = YES;
				GCC_WARN_UNUSED_VARIABLE = YES;
				IPHONEOS_DEPLOYMENT_TARGET = 11.0;
				MTL_ENABLE_DEBUG_INFO = YES;
				ONLY_ACTIVE_ARCH = YES;
				SDKROOT = iphoneos;
				SWIFT_ACTIVE_COMPILATION_CONDITIONS = DEBUG;
				SWIFT_OPTIMIZATION_LEVEL = "-Onone";
			};
			name = Debug;
		};
		786A91211FE4FD0F00146912 /* Release */ = {
			isa = XCBuildConfiguration;
			buildSettings = {
				ALWAYS_SEARCH_USER_PATHS = NO;
				CLANG_ANALYZER_NONNULL = YES;
				CLANG_ANALYZER_NUMBER_OBJECT_CONVERSION = YES_AGGRESSIVE;
				CLANG_CXX_LANGUAGE_STANDARD = "gnu++14";
				CLANG_CXX_LIBRARY = "libc++";
				CLANG_ENABLE_MODULES = YES;
				CLANG_ENABLE_OBJC_ARC = YES;
				CLANG_WARN_BLOCK_CAPTURE_AUTORELEASING = YES;
				CLANG_WARN_BOOL_CONVERSION = YES;
				CLANG_WARN_COMMA = YES;
				CLANG_WARN_CONSTANT_CONVERSION = YES;
				CLANG_WARN_DIRECT_OBJC_ISA_USAGE = YES_ERROR;
				CLANG_WARN_DOCUMENTATION_COMMENTS = YES;
				CLANG_WARN_EMPTY_BODY = YES;
				CLANG_WARN_ENUM_CONVERSION = YES;
				CLANG_WARN_INFINITE_RECURSION = YES;
				CLANG_WARN_INT_CONVERSION = YES;
				CLANG_WARN_NON_LITERAL_NULL_CONVERSION = YES;
				CLANG_WARN_OBJC_LITERAL_CONVERSION = YES;
				CLANG_WARN_OBJC_ROOT_CLASS = YES_ERROR;
				CLANG_WARN_RANGE_LOOP_ANALYSIS = YES;
				CLANG_WARN_STRICT_PROTOTYPES = YES;
				CLANG_WARN_SUSPICIOUS_MOVE = YES;
				CLANG_WARN_UNGUARDED_AVAILABILITY = YES_AGGRESSIVE;
				CLANG_WARN_UNREACHABLE_CODE = YES;
				CLANG_WARN__DUPLICATE_METHOD_MATCH = YES;
				CODE_SIGN_IDENTITY = "iPhone Developer";
				COPY_PHASE_STRIP = NO;
				DEBUG_INFORMATION_FORMAT = "dwarf-with-dsym";
				ENABLE_NS_ASSERTIONS = NO;
				ENABLE_STRICT_OBJC_MSGSEND = YES;
				GCC_C_LANGUAGE_STANDARD = gnu11;
				GCC_NO_COMMON_BLOCKS = YES;
				GCC_WARN_64_TO_32_BIT_CONVERSION = YES;
				GCC_WARN_ABOUT_RETURN_TYPE = YES_ERROR;
				GCC_WARN_UNDECLARED_SELECTOR = YES;
				GCC_WARN_UNINITIALIZED_AUTOS = YES_AGGRESSIVE;
				GCC_WARN_UNUSED_FUNCTION = YES;
				GCC_WARN_UNUSED_VARIABLE = YES;
				IPHONEOS_DEPLOYMENT_TARGET = 11.0;
				MTL_ENABLE_DEBUG_INFO = NO;
				SDKROOT = iphoneos;
				SWIFT_OPTIMIZATION_LEVEL = "-Owholemodule";
				VALIDATE_PRODUCT = YES;
			};
			name = Release;
		};
		786A91231FE4FD0F00146912 /* Debug */ = {
			isa = XCBuildConfiguration;
			buildSettings = {
				ASSETCATALOG_COMPILER_APPICON_NAME = AppIcon;
				CODE_SIGN_STYLE = Automatic;
				INFOPLIST_FILE = zhangChang/Info.plist;
				LD_RUNPATH_SEARCH_PATHS = "$(inherited) @executable_path/Frameworks";
				PRODUCT_BUNDLE_IDENTIFIER = com.day.zhangChang;
				PRODUCT_NAME = "$(TARGET_NAME)";
				SWIFT_VERSION = 4.0;
				TARGETED_DEVICE_FAMILY = "1,2";
			};
			name = Debug;
		};
		786A91241FE4FD0F00146912 /* Release */ = {
			isa = XCBuildConfiguration;
			buildSettings = {
				ASSETCATALOG_COMPILER_APPICON_NAME = AppIcon;
				CODE_SIGN_STYLE = Automatic;
				INFOPLIST_FILE = zhangChang/Info.plist;
				LD_RUNPATH_SEARCH_PATHS = "$(inherited) @executable_path/Frameworks";
				PRODUCT_BUNDLE_IDENTIFIER = com.day.zhangChang;
				PRODUCT_NAME = "$(TARGET_NAME)";
				SWIFT_VERSION = 4.0;
				TARGETED_DEVICE_FAMILY = "1,2";
			};
			name = Release;
		};
/* End XCBuildConfiguration section */

/* Begin XCConfigurationList section */
		786A910B1FE4FD0F00146912 /* Build configuration list for PBXProject "zhangChang" */ = {
			isa = XCConfigurationList;
			buildConfigurations = (
				786A91201FE4FD0F00146912 /* Debug */,
				786A91211FE4FD0F00146912 /* Release */,
			);
			defaultConfigurationIsVisible = 0;
			defaultConfigurationName = Release;
		};
		786A91221FE4FD0F00146912 /* Build configuration list for PBXNativeTarget "zhangChang" */ = {
			isa = XCConfigurationList;
			buildConfigurations = (
				786A91231FE4FD0F00146912 /* Debug */,
				786A91241FE4FD0F00146912 /* Release */,
			);
			defaultConfigurationIsVisible = 0;
			defaultConfigurationName = Release;
		};
/* End XCConfigurationList section */
	};
	rootObject = 786A91081FE4FD0F00146912 /* Project object */;
}
